
Microsoft Visual Studio Solution File, Format Version 12.00
# Visual Studio Version 16
VisualStudioVersion = 16.0.28721.148
MinimumVisualStudioVersion = 16.0.28721.148
Project("{2150E333-8FDC-42A3-9474-1A3956D46DE8}") = "Solution Items", "Solution Items", "{CDCF82B2-C394-4ECC-A729-22C691457791}"
	ProjectSection(SolutionItems) = preProject
		appveyor.yml = appveyor.yml
		Directory.Build.props = Directory.Build.props
		..\readme.source.md = ..\readme.source.md
	EndProjectSection
EndProject
Project("{9A19103F-16F7-4668-BE54-9A1E7A4F7556}") = "MarkdownSnippets", "MarkdownSnippets\MarkdownSnippets.csproj", "{D791BD27-4C4F-4C6F-B159-537F3FB9820D}"
EndProject
Project("{9A19103F-16F7-4668-BE54-9A1E7A4F7556}") = "Tests", "Tests\Tests.csproj", "{99DE8782-5377-43AA-BB19-F3408CBC2C7C}"
EndProject
Project("{9A19103F-16F7-4668-BE54-9A1E7A4F7556}") = "MarkdownSnippets.Tool", "MarkdownSnippets.Tool\MarkdownSnippets.Tool.csproj", "{670DF721-9C32-44B7-9DA0-58508A386155}"
EndProject
Project("{9A19103F-16F7-4668-BE54-9A1E7A4F7556}") = "MarkdownSnippets.MsBuild", "MarkdownSnippets.MsBuild\MarkdownSnippets.MsBuild.csproj", "{DC81D2B7-5280-409A-8DE2-2C1DF7512281}"
EndProject
Project("{FAE04EC0-301F-11D3-BF4B-00C04F79EFBC}") = "ConfigReader", "ConfigReader\ConfigReader.csproj", "{2AE6B279-71E9-4E47-B2C3-1BA5D5DC6E23}"
EndProject
Project("{FAE04EC0-301F-11D3-BF4B-00C04F79EFBC}") = "ConfigReader.Tests", "ConfigReader.Tests\ConfigReader.Tests.csproj", "{B7DA8493-0480-444F-AE8F-BFA5D5E98995}"
EndProject
Global
	GlobalSection(SolutionConfigurationPlatforms) = preSolution
		Debug|Any CPU = Debug|Any CPU
		Release|Any CPU = Release|Any CPU
	EndGlobalSection
	GlobalSection(ProjectConfigurationPlatforms) = postSolution
		{D791BD27-4C4F-4C6F-B159-537F3FB9820D}.Debug|Any CPU.ActiveCfg = Debug|Any CPU
		{D791BD27-4C4F-4C6F-B159-537F3FB9820D}.Debug|Any CPU.Build.0 = Debug|Any CPU
		{D791BD27-4C4F-4C6F-B159-537F3FB9820D}.Release|Any CPU.ActiveCfg = Release|Any CPU
		{D791BD27-4C4F-4C6F-B159-537F3FB9820D}.Release|Any CPU.Build.0 = Release|Any CPU
		{99DE8782-5377-43AA-BB19-F3408CBC2C7C}.Debug|Any CPU.ActiveCfg = Debug|Any CPU
		{99DE8782-5377-43AA-BB19-F3408CBC2C7C}.Debug|Any CPU.Build.0 = Debug|Any CPU
		{99DE8782-5377-43AA-BB19-F3408CBC2C7C}.Release|Any CPU.ActiveCfg = Release|Any CPU
		{99DE8782-5377-43AA-BB19-F3408CBC2C7C}.Release|Any CPU.Build.0 = Release|Any CPU
		{670DF721-9C32-44B7-9DA0-58508A386155}.Debug|Any CPU.ActiveCfg = Debug|Any CPU
		{670DF721-9C32-44B7-9DA0-58508A386155}.Debug|Any CPU.Build.0 = Debug|Any CPU
		{670DF721-9C32-44B7-9DA0-58508A386155}.Release|Any CPU.ActiveCfg = Release|Any CPU
		{670DF721-9C32-44B7-9DA0-58508A386155}.Release|Any CPU.Build.0 = Release|Any CPU
		{DC81D2B7-5280-409A-8DE2-2C1DF7512281}.Debug|Any CPU.ActiveCfg = Debug|Any CPU
		{DC81D2B7-5280-409A-8DE2-2C1DF7512281}.Debug|Any CPU.Build.0 = Debug|Any CPU
		{DC81D2B7-5280-409A-8DE2-2C1DF7512281}.Release|Any CPU.ActiveCfg = Release|Any CPU
		{DC81D2B7-5280-409A-8DE2-2C1DF7512281}.Release|Any CPU.Build.0 = Release|Any CPU
		{2AE6B279-71E9-4E47-B2C3-1BA5D5DC6E23}.Debug|Any CPU.ActiveCfg = Debug|Any CPU
		{2AE6B279-71E9-4E47-B2C3-1BA5D5DC6E23}.Debug|Any CPU.Build.0 = Debug|Any CPU
		{2AE6B279-71E9-4E47-B2C3-1BA5D5DC6E23}.Release|Any CPU.ActiveCfg = Release|Any CPU
		{2AE6B279-71E9-4E47-B2C3-1BA5D5DC6E23}.Release|Any CPU.Build.0 = Release|Any CPU
		{B7DA8493-0480-444F-AE8F-BFA5D5E98995}.Debug|Any CPU.ActiveCfg = Debug|Any CPU
		{B7DA8493-0480-444F-AE8F-BFA5D5E98995}.Debug|Any CPU.Build.0 = Debug|Any CPU
		{B7DA8493-0480-444F-AE8F-BFA5D5E98995}.Release|Any CPU.ActiveCfg = Release|Any CPU
		{B7DA8493-0480-444F-AE8F-BFA5D5E98995}.Release|Any CPU.Build.0 = Release|Any CPU
	EndGlobalSection
	GlobalSection(SolutionProperties) = preSolution
		HideSolutionNode = FALSE
	EndGlobalSection
	GlobalSection(ExtensibilityGlobals) = postSolution
		SolutionGuid = {28B2826F-513B-48B5-9A5B-D14E3D91D7D3}
	EndGlobalSection
EndGlobal
